
Microsoft Visual Studio Solution File, Format Version 11.00
# Visual C++ Express 2010
Project("{8BC9CEB8-8B4A-11D0-8D11-00A0C91BC942}") = "game", "game\game.vcxproj", "{6E504D63-B5D8-42BA-8FCE-2B709D44F376}"
EndProject
Global
	GlobalSection(SolutionConfigurationPlatforms) = preSolution
		Debug|Win32 = Debug|Win32
		Release|Win32 = Release|Win32
	EndGlobalSection
	GlobalSection(ProjectConfigurationPlatforms) = postSolution
		{6E504D63-B5D8-42BA-8FCE-2B709D44F376}.Debug|Win32.ActiveCfg = Debug|Win32
		{6E504D63-B5D8-42BA-8FCE-2B709D44F376}.Debug|Win32.Build.0 = Debug|Win32
		{6E504D63-B5D8-42BA-8FCE-2B709D44F376}.Release|Win32.ActiveCfg = Release|Win32
		{6E504D63-B5D8-42BA-8FCE-2B709D44F376}.Release|Win32.Build.0 = Release|Win32
	EndGlobalSection
	GlobalSection(SolutionProperties) = preSolution
		HideSolutionNode = FALSE
	EndGlobalSection
EndGlobal
